# This file is automatically @generated by Cargo.
version = 4

[[package]]
name = "jsonwebtoken"
version = "10.1.0"
source = "registry+https://github.com/rust-lang/crates.io-index"

[[package]]
name = "openssl"
version = "0.10.74"
source = "registry+https://github.com/rust-lang/crates.io-index"

[[package]]
name = "rsa"
version = "0.10.0-rc.9"
source = "registry+https://github.com/rust-lang/crates.io-index"
